
Microsoft Visual Studio Solution File, Format Version 12.00
# Visual Studio Version 17
VisualStudioVersion = 17.6.33723.286
MinimumVisualStudioVersion = 10.0.40219.1
Project("{FAE04EC0-301F-11D3-BF4B-00C04F79EFBC}") = "coreapi", "coreapi\coreapi.csproj", "{C8775A19-9FC6-4356-A874-76436D5647B5}"
EndProject
Global
	GlobalSection(SolutionConfigurationPlatforms) = preSolution
		Debug|Any CPU = Debug|Any CPU
		Release|Any CPU = Release|Any CPU
	EndGlobalSection
	GlobalSection(ProjectConfigurationPlatforms) = postSolution
		{C8775A19-9FC6-4356-A874-76436D5647B5}.Debug|Any CPU.ActiveCfg = Debug|Any CPU
		{C8775A19-9FC6-4356-A874-76436D5647B5}.Debug|Any CPU.Build.0 = Debug|Any CPU
		{C8775A19-9FC6-4356-A874-76436D5647B5}.Release|Any CPU.ActiveCfg = Release|Any CPU
		{C8775A19-9FC6-4356-A874-76436D5647B5}.Release|Any CPU.Build.0 = Release|Any CPU
	EndGlobalSection
	GlobalSection(SolutionProperties) = preSolution
		HideSolutionNode = FALSE
	EndGlobalSection
	GlobalSection(ExtensibilityGlobals) = postSolution
		SolutionGuid = {5986682D-E42C-4796-BE6D-447752701609}
	EndGlobalSection
EndGlobal
